
Microsoft Visual Studio Solution File, Format Version 12.00
# Visual Studio Version 16
VisualStudioVersion = 16.0.31424.327
MinimumVisualStudioVersion = 10.0.40219.1
Project("{9A19103F-16F7-4668-BE54-9A1E7A4F7556}") = "SayTheName", "SayTheName.csproj", "{53214167-2E68-46C0-85C5-FBFC40EC4A56}"
EndProject
Global
	GlobalSection(SolutionConfigurationPlatforms) = preSolution
		Debug|Any CPU = Debug|Any CPU
		Debug|ARM32 = Debug|ARM32
		Release|Any CPU = Release|Any CPU
		Release|ARM32 = Release|ARM32
	EndGlobalSection
	GlobalSection(ProjectConfigurationPlatforms) = postSolution
		{53214167-2E68-46C0-85C5-FBFC40EC4A56}.Debug|Any CPU.ActiveCfg = Debug|Any CPU
		{53214167-2E68-46C0-85C5-FBFC40EC4A56}.Debug|Any CPU.Build.0 = Debug|Any CPU
		{53214167-2E68-46C0-85C5-FBFC40EC4A56}.Debug|ARM32.ActiveCfg = Debug|ARM32
		{53214167-2E68-46C0-85C5-FBFC40EC4A56}.Debug|ARM32.Build.0 = Debug|ARM32
		{53214167-2E68-46C0-85C5-FBFC40EC4A56}.Release|Any CPU.ActiveCfg = Release|Any CPU
		{53214167-2E68-46C0-85C5-FBFC40EC4A56}.Release|Any CPU.Build.0 = Release|Any CPU
		{53214167-2E68-46C0-85C5-FBFC40EC4A56}.Release|ARM32.ActiveCfg = Release|ARM32
		{53214167-2E68-46C0-85C5-FBFC40EC4A56}.Release|ARM32.Build.0 = Release|ARM32
	EndGlobalSection
	GlobalSection(SolutionProperties) = preSolution
		HideSolutionNode = FALSE
	EndGlobalSection
	GlobalSection(ExtensibilityGlobals) = postSolution
		SolutionGuid = {52B5907E-32D2-49C1-9417-D9661147324B}
	EndGlobalSection
EndGlobal
